// !$*UTF8*$!
{
	archiveVersion = 1;
	classes = {
	};
	objectVersion = 48;
	objects = {

/* Begin PBXBuildFile section */
		8635399820408EB000C79AAE /* ConversionItem.swift in Sources */ = {isa = PBXBuildFile; fileRef = 8635399720408EB000C79AAE /* ConversionItem.swift */; };
		8635399A2040960E00C79AAE /* ConversionItemTableViewCell.swift in Sources */ = {isa = PBXBuildFile; fileRef = 863539992040960E00C79AAE /* ConversionItemTableViewCell.swift */; };
		865B5671203F654C0092253D /* ConversionItemTableViewController.swift in Sources */ = {isa = PBXBuildFile; fileRef = 865B5670203F654C0092253D /* ConversionItemTableViewController.swift */; };
		866899F0201BA3EC0002A36E /* AppDelegate.swift in Sources */ = {isa = PBXBuildFile; fileRef = 866899EF201BA3EC0002A36E /* AppDelegate.swift */; };
		866899F2201BA3EC0002A36E /* ViewController.swift in Sources */ = {isa = PBXBuildFile; fileRef = 866899F1201BA3EC0002A36E /* ViewController.swift */; };
		866899F5201BA3EC0002A36E /* Main.storyboard in Resources */ = {isa = PBXBuildFile; fileRef = 866899F3201BA3EC0002A36E /* Main.storyboard */; };
		866899F7201BA3EC0002A36E /* Assets.xcassets in Resources */ = {isa = PBXBuildFile; fileRef = 866899F6201BA3EC0002A36E /* Assets.xcassets */; };
		866899FA201BA3EC0002A36E /* LaunchScreen.storyboard in Resources */ = {isa = PBXBuildFile; fileRef = 866899F8201BA3EC0002A36E /* LaunchScreen.storyboard */; };
		86689A05201BA3ED0002A36E /* TemperatureConverterTests.swift in Sources */ = {isa = PBXBuildFile; fileRef = 86689A04201BA3ED0002A36E /* TemperatureConverterTests.swift */; };
		86689A10201BA3ED0002A36E /* TemperatureConverterUITests.swift in Sources */ = {isa = PBXBuildFile; fileRef = 86689A0F201BA3ED0002A36E /* TemperatureConverterUITests.swift */; };
/* End PBXBuildFile section */

/* Begin PBXContainerItemProxy section */
		86689A01201BA3ED0002A36E /* PBXContainerItemProxy */ = {
			isa = PBXContainerItemProxy;
			containerPortal = 866899E4201BA3EB0002A36E /* Project object */;
			proxyType = 1;
			remoteGlobalIDString = 866899EB201BA3EB0002A36E;
			remoteInfo = TemperatureConverter;
		};
		86689A0C201BA3ED0002A36E /* PBXContainerItemProxy */ = {
			isa = PBXContainerItemProxy;
			containerPortal = 866899E4201BA3EB0002A36E /* Project object */;
			proxyType = 1;
			remoteGlobalIDString = 866899EB201BA3EB0002A36E;
			remoteInfo = TemperatureConverter;
		};
/* End PBXContainerItemProxy section */

/* Begin PBXFileReference section */
		8635399720408EB000C79AAE /* ConversionItem.swift */ = {isa = PBXFileReference; lastKnownFileType = sourcecode.swift; path = ConversionItem.swift; sourceTree = "<group>"; };
		863539992040960E00C79AAE /* ConversionItemTableViewCell.swift */ = {isa = PBXFileReference; lastKnownFileType = sourcecode.swift; path = ConversionItemTableViewCell.swift; sourceTree = "<group>"; };
		865B5670203F654C0092253D /* ConversionItemTableViewController.swift */ = {isa = PBXFileReference; lastKnownFileType = sourcecode.swift; path = ConversionItemTableViewController.swift; sourceTree = "<group>"; };
		866899EC201BA3EC0002A36E /* TemperatureConverter.app */ = {isa = PBXFileReference; explicitFileType = wrapper.application; includeInIndex = 0; path = TemperatureConverter.app; sourceTree = BUILT_PRODUCTS_DIR; };
		866899EF201BA3EC0002A36E /* AppDelegate.swift */ = {isa = PBXFileReference; lastKnownFileType = sourcecode.swift; path = AppDelegate.swift; sourceTree = "<group>"; };
		866899F1201BA3EC0002A36E /* ViewController.swift */ = {isa = PBXFileReference; lastKnownFileType = sourcecode.swift; path = ViewController.swift; sourceTree = "<group>"; };
		866899F4201BA3EC0002A36E /* Base */ = {isa = PBXFileReference; lastKnownFileType = file.storyboard; name = Base; path = Base.lproj/Main.storyboard; sourceTree = "<group>"; };
		866899F6201BA3EC0002A36E /* Assets.xcassets */ = {isa = PBXFileReference; lastKnownFileType = folder.assetcatalog; path = Assets.xcassets; sourceTree = "<group>"; };
		866899F9201BA3EC0002A36E /* Base */ = {isa = PBXFileReference; lastKnownFileType = file.storyboard; name = Base; path = Base.lproj/LaunchScreen.storyboard; sourceTree = "<group>"; };
		866899FB201BA3EC0002A36E /* Info.plist */ = {isa = PBXFileReference; lastKnownFileType = text.plist.xml; path = Info.plist; sourceTree = "<group>"; };
		86689A00201BA3ED0002A36E /* TemperatureConverterTests.xctest */ = {isa = PBXFileReference; explicitFileType = wrapper.cfbundle; includeInIndex = 0; path = TemperatureConverterTests.xctest; sourceTree = BUILT_PRODUCTS_DIR; };
		86689A04201BA3ED0002A36E /* TemperatureConverterTests.swift */ = {isa = PBXFileReference; lastKnownFileType = sourcecode.swift; path = TemperatureConverterTests.swift; sourceTree = "<group>"; };
		86689A06201BA3ED0002A36E /* Info.plist */ = {isa = PBXFileReference; lastKnownFileType = text.plist.xml; path = Info.plist; sourceTree = "<group>"; };
		86689A0B201BA3ED0002A36E /* TemperatureConverterUITests.xctest */ = {isa = PBXFileReference; explicitFileType = wrapper.cfbundle; includeInIndex = 0; path = TemperatureConverterUITests.xctest; sourceTree = BUILT_PRODUCTS_DIR; };
		86689A0F201BA3ED0002A36E /* TemperatureConverterUITests.swift */ = {isa = PBXFileReference; lastKnownFileType = sourcecode.swift; path = TemperatureConverterUITests.swift; sourceTree = "<group>"; };
		86689A11201BA3ED0002A36E /* Info.plist */ = {isa = PBXFileReference; lastKnownFileType = text.plist.xml; path = Info.plist; sourceTree = "<group>"; };
/* End PBXFileReference section */

/* Begin PBXFrameworksBuildPhase section */
		866899E9201BA3EB0002A36E /* Frameworks */ = {
			isa = PBXFrameworksBuildPhase;
			buildActionMask = 2147483647;
			files = (
			);
			runOnlyForDeploymentPostprocessing = 0;
		};
		866899FD201BA3ED0002A36E /* Frameworks */ = {
			isa = PBXFrameworksBuildPhase;
			buildActionMask = 2147483647;
			files = (
			);
			runOnlyForDeploymentPostprocessing = 0;
		};
		86689A08201BA3ED0002A36E /* Frameworks */ = {
			isa = PBXFrameworksBuildPhase;
			buildActionMask = 2147483647;
			files = (
			);
			runOnlyForDeploymentPostprocessing = 0;
		};
/* End PBXFrameworksBuildPhase section */

/* Begin PBXGroup section */
		866899E3201BA3EB0002A36E = {
			isa = PBXGroup;
			children = (
				866899EE201BA3EC0002A36E /* TemperatureConverter */,
				86689A03201BA3ED0002A36E /* TemperatureConverterTests */,
				86689A0E201BA3ED0002A36E /* TemperatureConverterUITests */,
				866899ED201BA3EC0002A36E /* Products */,
			);
			sourceTree = "<group>";
		};
		866899ED201BA3EC0002A36E /* Products */ = {
			isa = PBXGroup;
			children = (
				866899EC201BA3EC0002A36E /* TemperatureConverter.app */,
				86689A00201BA3ED0002A36E /* TemperatureConverterTests.xctest */,
				86689A0B201BA3ED0002A36E /* TemperatureConverterUITests.xctest */,
			);
			name = Products;
			sourceTree = "<group>";
		};
		866899EE201BA3EC0002A36E /* TemperatureConverter */ = {
			isa = PBXGroup;
			children = (
				866899EF201BA3EC0002A36E /* AppDelegate.swift */,
				866899F1201BA3EC0002A36E /* ViewController.swift */,
				866899F3201BA3EC0002A36E /* Main.storyboard */,
				863539992040960E00C79AAE /* ConversionItemTableViewCell.swift */,
				8635399720408EB000C79AAE /* ConversionItem.swift */,
				865B5670203F654C0092253D /* ConversionItemTableViewController.swift */,
				866899F6201BA3EC0002A36E /* Assets.xcassets */,
				866899F8201BA3EC0002A36E /* LaunchScreen.storyboard */,
				866899FB201BA3EC0002A36E /* Info.plist */,
			);
			path = TemperatureConverter;
			sourceTree = "<group>";
		};
		86689A03201BA3ED0002A36E /* TemperatureConverterTests */ = {
			isa = PBXGroup;
			children = (
				86689A04201BA3ED0002A36E /* TemperatureConverterTests.swift */,
				86689A06201BA3ED0002A36E /* Info.plist */,
			);
			path = TemperatureConverterTests;
			sourceTree = "<group>";
		};
		86689A0E201BA3ED0002A36E /* TemperatureConverterUITests */ = {
			isa = PBXGroup;
			children = (
				86689A0F201BA3ED0002A36E /* TemperatureConverterUITests.swift */,
				86689A11201BA3ED0002A36E /* Info.plist */,
			);
			path = TemperatureConverterUITests;
			sourceTree = "<group>";
		};
/* End PBXGroup section */

/* Begin PBXNativeTarget section */
		866899EB201BA3EB0002A36E /* TemperatureConverter */ = {
			isa = PBXNativeTarget;
			buildConfigurationList = 86689A14201BA3ED0002A36E /* Build configuration list for PBXNativeTarget "TemperatureConverter" */;
			buildPhases = (
				866899E8201BA3EB0002A36E /* Sources */,
				866899E9201BA3EB0002A36E /* Frameworks */,
				866899EA201BA3EB0002A36E /* Resources */,
			);
			buildRules = (
			);
			dependencies = (
			);
			name = TemperatureConverter;
			productName = TemperatureConverter;
			productReference = 866899EC201BA3EC0002A36E /* TemperatureConverter.app */;
			productType = "com.apple.product-type.application";
		};
		866899FF201BA3ED0002A36E /* TemperatureConverterTests */ = {
			isa = PBXNativeTarget;
			buildConfigurationList = 86689A17201BA3ED0002A36E /* Build configuration list for PBXNativeTarget "TemperatureConverterTests" */;
			buildPhases = (
				866899FC201BA3ED0002A36E /* Sources */,
				866899FD201BA3ED0002A36E /* Frameworks */,
				866899FE201BA3ED0002A36E /* Resources */,
			);
			buildRules = (
			);
			dependencies = (
				86689A02201BA3ED0002A36E /* PBXTargetDependency */,
			);
			name = TemperatureConverterTests;
			productName = TemperatureConverterTests;
			productReference = 86689A00201BA3ED0002A36E /* TemperatureConverterTests.xctest */;
			productType = "com.apple.product-type.bundle.unit-test";
		};
		86689A0A201BA3ED0002A36E /* TemperatureConverterUITests */ = {
			isa = PBXNativeTarget;
			buildConfigurationList = 86689A1A201BA3ED0002A36E /* Build configuration list for PBXNativeTarget "TemperatureConverterUITests" */;
			buildPhases = (
				86689A07201BA3ED0002A36E /* Sources */,
				86689A08201BA3ED0002A36E /* Frameworks */,
				86689A09201BA3ED0002A36E /* Resources */,
			);
			buildRules = (
			);
			dependencies = (
				86689A0D201BA3ED0002A36E /* PBXTargetDependency */,
			);
			name = TemperatureConverterUITests;
			productName = TemperatureConverterUITests;
			productReference = 86689A0B201BA3ED0002A36E /* TemperatureConverterUITests.xctest */;
			productType = "com.apple.product-type.bundle.ui-testing";
		};
/* End PBXNativeTarget section */

/* Begin PBXProject section */
		866899E4201BA3EB0002A36E /* Project object */ = {
			isa = PBXProject;
			attributes = {
				LastSwiftUpdateCheck = 0920;
				LastUpgradeCheck = 0920;
				ORGANIZATIONNAME = " Kerensa E Mattison";
				TargetAttributes = {
					866899EB201BA3EB0002A36E = {
						CreatedOnToolsVersion = 9.2;
						ProvisioningStyle = Automatic;
					};
					866899FF201BA3ED0002A36E = {
						CreatedOnToolsVersion = 9.2;
						ProvisioningStyle = Automatic;
						TestTargetID = 866899EB201BA3EB0002A36E;
					};
					86689A0A201BA3ED0002A36E = {
						CreatedOnToolsVersion = 9.2;
						ProvisioningStyle = Automatic;
						TestTargetID = 866899EB201BA3EB0002A36E;
					};
				};
			};
			buildConfigurationList = 866899E7201BA3EB0002A36E /* Build configuration list for PBXProject "TemperatureConverter" */;
			compatibilityVersion = "Xcode 8.0";
			developmentRegion = en;
			hasScannedForEncodings = 0;
			knownRegions = (
				en,
				Base,
			);
			mainGroup = 866899E3201BA3EB0002A36E;
			productRefGroup = 866899ED201BA3EC0002A36E /* Products */;
			projectDirPath = "";
			projectRoot = "";
			targets = (
				866899EB201BA3EB0002A36E /* TemperatureConverter */,
				866899FF201BA3ED0002A36E /* TemperatureConverterTests */,
				86689A0A201BA3ED0002A36E /* TemperatureConverterUITests */,
			);
		};
/* End PBXProject section */

/* Begin PBXResourcesBuildPhase section */
		866899EA201BA3EB0002A36E /* Resources */ = {
			isa = PBXResourcesBuildPhase;
			buildActionMask = 2147483647;
			files = (
				866899FA201BA3EC0002A36E /* LaunchScreen.storyboard in Resources */,
				866899F7201BA3EC0002A36E /* Assets.xcassets in Resources */,
				866899F5201BA3EC0002A36E /* Main.storyboard in Resources */,
			);
			runOnlyForDeploymentPostprocessing = 0;
		};
		866899FE201BA3ED0002A36E /* Resources */ = {
			isa = PBXResourcesBuildPhase;
			buildActionMask = 2147483647;
			files = (
			);
			runOnlyForDeploymentPostprocessing = 0;
		};
		86689A09201BA3ED0002A36E /* Resources */ = {
			isa = PBXResourcesBuildPhase;
			buildActionMask = 2147483647;
			files = (
			);
			runOnlyForDeploymentPostprocessing = 0;
		};
/* End PBXResourcesBuildPhase section */

/* Begin PBXSourcesBuildPhase section */
		866899E8201BA3EB0002A36E /* Sources */ = {
			isa = PBXSourcesBuildPhase;
			buildActionMask = 2147483647;
			files = (
				8635399820408EB000C79AAE /* ConversionItem.swift in Sources */,
				866899F2201BA3EC0002A36E /* ViewController.swift in Sources */,
				8635399A2040960E00C79AAE /* ConversionItemTableViewCell.swift in Sources */,
				866899F0201BA3EC0002A36E /* AppDelegate.swift in Sources */,
				865B5671203F654C0092253D /* ConversionItemTableViewController.swift in Sources */,
			);
			runOnlyForDeploymentPostprocessing = 0;
		};
		866899FC201BA3ED0002A36E /* Sources */ = {
			isa = PBXSourcesBuildPhase;
			buildActionMask = 2147483647;
			files = (
				86689A05201BA3ED0002A36E /* TemperatureConverterTests.swift in Sources */,
			);
			runOnlyForDeploymentPostprocessing = 0;
		};
		86689A07201BA3ED0002A36E /* Sources */ = {
			isa = PBXSourcesBuildPhase;
			buildActionMask = 2147483647;
			files = (
				86689A10201BA3ED0002A36E /* TemperatureConverterUITests.swift in Sources */,
			);
			runOnlyForDeploymentPostprocessing = 0;
		};
/* End PBXSourcesBuildPhase section */

/* Begin PBXTargetDependency section */
		86689A02201BA3ED0002A36E /* PBXTargetDependency */ = {
			isa = PBXTargetDependency;
			target = 866899EB201BA3EB0002A36E /* TemperatureConverter */;
			targetProxy = 86689A01201BA3ED0002A36E /* PBXContainerItemProxy */;
		};
		86689A0D201BA3ED0002A36E /* PBXTargetDependency */ = {
			isa = PBXTargetDependency;
			target = 866899EB201BA3EB0002A36E /* TemperatureConverter */;
			targetProxy = 86689A0C201BA3ED0002A36E /* PBXContainerItemProxy */;
		};
/* End PBXTargetDependency section */

/* Begin PBXVariantGroup section */
		866899F3201BA3EC0002A36E /* Main.storyboard */ = {
			isa = PBXVariantGroup;
			children = (
				866899F4201BA3EC0002A36E /* Base */,
			);
			name = Main.storyboard;
			sourceTree = "<group>";
		};
		866899F8201BA3EC0002A36E /* LaunchScreen.storyboard */ = {
			isa = PBXVariantGroup;
			children = (
				866899F9201BA3EC0002A36E /* Base */,
			);
			name = LaunchScreen.storyboard;
			sourceTree = "<group>";
		};
/* End PBXVariantGroup section */

/* Begin XCBuildConfiguration section */
		86689A12201BA3ED0002A36E /* Debug */ = {
			isa = XCBuildConfiguration;
			buildSettings = {
				ALWAYS_SEARCH_USER_PATHS = NO;
				CLANG_ANALYZER_NONNULL = YES;
				CLANG_ANALYZER_NUMBER_OBJECT_CONVERSION = YES_AGGRESSIVE;
				CLANG_CXX_LANGUAGE_STANDARD = "gnu++14";
				CLANG_CXX_LIBRARY = "libc++";
				CLANG_ENABLE_MODULES = YES;
				CLANG_ENABLE_OBJC_ARC = YES;
				CLANG_WARN_BLOCK_CAPTURE_AUTORELEASING = YES;
				CLANG_WARN_BOOL_CONVERSION = YES;
				CLANG_WARN_COMMA = YES;
				CLANG_WARN_CONSTANT_CONVERSION = YES;
				CLANG_WARN_DIRECT_OBJC_ISA_USAGE = YES_ERROR;
				CLANG_WARN_DOCUMENTATION_COMMENTS = YES;
				CLANG_WARN_EMPTY_BODY = YES;
				CLANG_WARN_ENUM_CONVERSION = YES;
				CLANG_WARN_INFINITE_RECURSION = YES;
				CLANG_WARN_INT_CONVERSION = YES;
				CLANG_WARN_NON_LITERAL_NULL_CONVERSION = YES;
				CLANG_WARN_OBJC_LITERAL_CONVERSION = YES;
				CLANG_WARN_OBJC_ROOT_CLASS = YES_ERROR;
				CLANG_WARN_RANGE_LOOP_ANALYSIS = YES;
				CLANG_WARN_STRICT_PROTOTYPES = YES;
				CLANG_WARN_SUSPICIOUS_MOVE = YES;
				CLANG_WARN_UNGUARDED_AVAILABILITY = YES_AGGRESSIVE;
				CLANG_WARN_UNREACHABLE_CODE = YES;
				CLANG_WARN__DUPLICATE_METHOD_MATCH = YES;
				CODE_SIGN_IDENTITY = "iPhone Developer";
				COPY_PHASE_STRIP = NO;
				DEBUG_INFORMATION_FORMAT = dwarf;
				ENABLE_STRICT_OBJC_MSGSEND = YES;
				ENABLE_TESTABILITY = YES;
				GCC_C_LANGUAGE_STANDARD = gnu11;
				GCC_DYNAMIC_NO_PIC = NO;
				GCC_NO_COMMON_BLOCKS = YES;
				GCC_OPTIMIZATION_LEVEL = 0;
				GCC_PREPROCESSOR_DEFINITIONS = (
					"DEBUG=1",
					"$(inherited)",
				);
				GCC_WARN_64_TO_32_BIT_CONVERSION = YES;
				GCC_WARN_ABOUT_RETURN_TYPE = YES_ERROR;
				GCC_WARN_UNDECLARED_SELECTOR = YES;
				GCC_WARN_UNINITIALIZED_AUTOS = YES_AGGRESSIVE;
				GCC_WARN_UNUSED_FUNCTION = YES;
				GCC_WARN_UNUSED_VARIABLE = YES;
				IPHONEOS_DEPLOYMENT_TARGET = 11.2;
				MTL_ENABLE_DEBUG_INFO = YES;
				ONLY_ACTIVE_ARCH = YES;
				SDKROOT = iphoneos;
				SWIFT_ACTIVE_COMPILATION_CONDITIONS = DEBUG;
				SWIFT_OPTIMIZATION_LEVEL = "-Onone";
			};
			name = Debug;
		};
		86689A13201BA3ED0002A36E /* Release */ = {
			isa = XCBuildConfiguration;
			buildSettings = {
				ALWAYS_SEARCH_USER_PATHS = NO;
				CLANG_ANALYZER_NONNULL = YES;
				CLANG_ANALYZER_NUMBER_OBJECT_CONVERSION = YES_AGGRESSIVE;
				CLANG_CXX_LANGUAGE_STANDARD = "gnu++14";
				CLANG_CXX_LIBRARY = "libc++";
				CLANG_ENABLE_MODULES = YES;
				CLANG_ENABLE_OBJC_ARC = YES;
				CLANG_WARN_BLOCK_CAPTURE_AUTORELEASING = YES;
				CLANG_WARN_BOOL_CONVERSION = YES;
				CLANG_WARN_COMMA = YES;
				CLANG_WARN_CONSTANT_CONVERSION = YES;
				CLANG_WARN_DIRECT_OBJC_ISA_USAGE = YES_ERROR;
				CLANG_WARN_DOCUMENTATION_COMMENTS = YES;
				CLANG_WARN_EMPTY_BODY = YES;
				CLANG_WARN_ENUM_CONVERSION = YES;
				CLANG_WARN_INFINITE_RECURSION = YES;
				CLANG_WARN_INT_CONVERSION = YES;
				CLANG_WARN_NON_LITERAL_NULL_CONVERSION = YES;
				CLANG_WARN_OBJC_LITERAL_CONVERSION = YES;
				CLANG_WARN_OBJC_ROOT_CLASS = YES_ERROR;
				CLANG_WARN_RANGE_LOOP_ANALYSIS = YES;
				CLANG_WARN_STRICT_PROTOTYPES = YES;
				CLANG_WARN_SUSPICIOUS_MOVE = YES;
				CLANG_WARN_UNGUARDED_AVAILABILITY = YES_AGGRESSIVE;
				CLANG_WARN_UNREACHABLE_CODE = YES;
				CLANG_WARN__DUPLICATE_METHOD_MATCH = YES;
				CODE_SIGN_IDENTITY = "iPhone Developer";
				COPY_PHASE_STRIP = NO;
				DEBUG_INFORMATION_FORMAT = "dwarf-with-dsym";
				ENABLE_NS_ASSERTIONS = NO;
				ENABLE_STRICT_OBJC_MSGSEND = YES;
				GCC_C_LANGUAGE_STANDARD = gnu11;
				GCC_NO_COMMON_BLOCKS = YES;
				GCC_WARN_64_TO_32_BIT_CONVERSION = YES;
				GCC_WARN_ABOUT_RETURN_TYPE = YES_ERROR;
				GCC_WARN_UNDECLARED_SELECTOR = YES;
				GCC_WARN_UNINITIALIZED_AUTOS = YES_AGGRESSIVE;
				GCC_WARN_UNUSED_FUNCTION = YES;
				GCC_WARN_UNUSED_VARIABLE = YES;
				IPHONEOS_DEPLOYMENT_TARGET = 11.2;
				MTL_ENABLE_DEBUG_INFO = NO;
				SDKROOT = iphoneos;
				SWIFT_OPTIMIZATION_LEVEL = "-Owholemodule";
				VALIDATE_PRODUCT = YES;
			};
			name = Release;
		};
		86689A15201BA3ED0002A36E /* Debug */ = {
			isa = XCBuildConfiguration;
			buildSettings = {
				ASSETCATALOG_COMPILER_APPICON_NAME = AppIcon;
				CODE_SIGN_STYLE = Automatic;
				INFOPLIST_FILE = TemperatureConverter/Info.plist;
				LD_RUNPATH_SEARCH_PATHS = "$(inherited) @executable_path/Frameworks";
				PRODUCT_BUNDLE_IDENTIFIER = ca.camosun.TemperatureConverter;
				PRODUCT_NAME = "$(TARGET_NAME)";
				SWIFT_VERSION = 4.0;
				TARGETED_DEVICE_FAMILY = "1,2";
			};
			name = Debug;
		};
		86689A16201BA3ED0002A36E /* Release */ = {
			isa = XCBuildConfiguration;
			buildSettings = {
				ASSETCATALOG_COMPILER_APPICON_NAME = AppIcon;
				CODE_SIGN_STYLE = Automatic;
				INFOPLIST_FILE = TemperatureConverter/Info.plist;
				LD_RUNPATH_SEARCH_PATHS = "$(inherited) @executable_path/Frameworks";
				PRODUCT_BUNDLE_IDENTIFIER = ca.camosun.TemperatureConverter;
				PRODUCT_NAME = "$(TARGET_NAME)";
				SWIFT_VERSION = 4.0;
				TARGETED_DEVICE_FAMILY = "1,2";
			};
			name = Release;
		};
		86689A18201BA3ED0002A36E /* Debug */ = {
			isa = XCBuildConfiguration;
			buildSettings = {
				ALWAYS_EMBED_SWIFT_STANDARD_LIBRARIES = YES;
				BUNDLE_LOADER = "$(TEST_HOST)";
				CODE_SIGN_STYLE = Automatic;
				INFOPLIST_FILE = TemperatureConverterTests/Info.plist;
				LD_RUNPATH_SEARCH_PATHS = "$(inherited) @executable_path/Frameworks @loader_path/Frameworks";
				PRODUCT_BUNDLE_IDENTIFIER = ca.camosun.TemperatureConverterTests;
				PRODUCT_NAME = "$(TARGET_NAME)";
				SWIFT_VERSION = 4.0;
				TARGETED_DEVICE_FAMILY = "1,2";
				TEST_HOST = "$(BUILT_PRODUCTS_DIR)/TemperatureConverter.app/TemperatureConverter";
			};
			name = Debug;
		};
		86689A19201BA3ED0002A36E /* Release */ = {
			isa = XCBuildConfiguration;
			buildSettings = {
				ALWAYS_EMBED_SWIFT_STANDARD_LIBRARIES = YES;
				BUNDLE_LOADER = "$(TEST_HOST)";
				CODE_SIGN_STYLE = Automatic;
				INFOPLIST_FILE = TemperatureConverterTests/Info.plist;
				LD_RUNPATH_SEARCH_PATHS = "$(inherited) @executable_path/Frameworks @loader_path/Frameworks";
				PRODUCT_BUNDLE_IDENTIFIER = ca.camosun.TemperatureConverterTests;
				PRODUCT_NAME = "$(TARGET_NAME)";
				SWIFT_VERSION = 4.0;
				TARGETED_DEVICE_FAMILY = "1,2";
				TEST_HOST = "$(BUILT_PRODUCTS_DIR)/TemperatureConverter.app/TemperatureConverter";
			};
			name = Release;
		};
		86689A1B201BA3ED0002A36E /* Debug */ = {
			isa = XCBuildConfiguration;
			buildSettings = {
				ALWAYS_EMBED_SWIFT_STANDARD_LIBRARIES = YES;
				CODE_SIGN_STYLE = Automatic;
				INFOPLIST_FILE = TemperatureConverterUITests/Info.plist;
				LD_RUNPATH_SEARCH_PATHS = "$(inherited) @executable_path/Frameworks @loader_path/Frameworks";
				PRODUCT_BUNDLE_IDENTIFIER = ca.camosun.TemperatureConverterUITests;
				PRODUCT_NAME = "$(TARGET_NAME)";
				SWIFT_VERSION = 4.0;
				TARGETED_DEVICE_FAMILY = "1,2";
				TEST_TARGET_NAME = TemperatureConverter;
			};
			name = Debug;
		};
		86689A1C201BA3ED0002A36E /* Release */ = {
			isa = XCBuildConfiguration;
			buildSettings = {
				ALWAYS_EMBED_SWIFT_STANDARD_LIBRARIES = YES;
				CODE_SIGN_STYLE = Automatic;
				INFOPLIST_FILE = TemperatureConverterUITests/Info.plist;
				LD_RUNPATH_SEARCH_PATHS = "$(inherited) @executable_path/Frameworks @loader_path/Frameworks";
				PRODUCT_BUNDLE_IDENTIFIER = ca.camosun.TemperatureConverterUITests;
				PRODUCT_NAME = "$(TARGET_NAME)";
				SWIFT_VERSION = 4.0;
				TARGETED_DEVICE_FAMILY = "1,2";
				TEST_TARGET_NAME = TemperatureConverter;
			};
			name = Release;
		};
/* End XCBuildConfiguration section */

/* Begin XCConfigurationList section */
		866899E7201BA3EB0002A36E /* Build configuration list for PBXProject "TemperatureConverter" */ = {
			isa = XCConfigurationList;
			buildConfigurations = (
				86689A12201BA3ED0002A36E /* Debug */,
				86689A13201BA3ED0002A36E /* Release */,
			);
			defaultConfigurationIsVisible = 0;
			defaultConfigurationName = Release;
		};
		86689A14201BA3ED0002A36E /* Build configuration list for PBXNativeTarget "TemperatureConverter" */ = {
			isa = XCConfigurationList;
			buildConfigurations = (
				86689A15201BA3ED0002A36E /* Debug */,
				86689A16201BA3ED0002A36E /* Release */,
			);
			defaultConfigurationIsVisible = 0;
			defaultConfigurationName = Release;
		};
		86689A17201BA3ED0002A36E /* Build configuration list for PBXNativeTarget "TemperatureConverterTests" */ = {
			isa = XCConfigurationList;
			buildConfigurations = (
				86689A18201BA3ED0002A36E /* Debug */,
				86689A19201BA3ED0002A36E /* Release */,
			);
			defaultConfigurationIsVisible = 0;
			defaultConfigurationName = Release;
		};
		86689A1A201BA3ED0002A36E /* Build configuration list for PBXNativeTarget "TemperatureConverterUITests" */ = {
			isa = XCConfigurationList;
			buildConfigurations = (
				86689A1B201BA3ED0002A36E /* Debug */,
				86689A1C201BA3ED0002A36E /* Release */,
			);
			defaultConfigurationIsVisible = 0;
			defaultConfigurationName = Release;
		};
/* End XCConfigurationList section */
	};
	rootObject = 866899E4201BA3EB0002A36E /* Project object */;
}
